
Microsoft Visual Studio Solution File, Format Version 11.00
# Visual Studio 2010
Project("{FAE04EC0-301F-11D3-BF4B-00C04F79EFBC}") = "CompileTest", "CompileTest\CompileTest.csproj", "{8D27F8B4-BBFF-4216-BFD7-FA8E254C6775}"
EndProject
Project("{FAE04EC0-301F-11D3-BF4B-00C04F79EFBC}") = "CompileTest.Tests", "CompileTest.Tests\CompileTest.Tests.csproj", "{D8325717-0823-48AE-B1FB-111CD698FC36}"
EndProject
Project("{2150E333-8FDC-42A3-9474-1A3956D46DE8}") = "Solution Items", "Solution Items", "{704A303C-C5F9-499E-86AC-DC40107B5863}"
	ProjectSection(SolutionItems) = preProject
		CompileTest.vsmdi = CompileTest.vsmdi
		Local.testsettings = Local.testsettings
		TraceAndTestImpact.testsettings = TraceAndTestImpact.testsettings
	EndProjectSection
EndProject
Global
	GlobalSection(TestCaseManagementSettings) = postSolution
		CategoryFile = CompileTest.vsmdi
	EndGlobalSection
	GlobalSection(SolutionConfigurationPlatforms) = preSolution
		Debug|Any CPU = Debug|Any CPU
		Debug|Mixed Platforms = Debug|Mixed Platforms
		Debug|x86 = Debug|x86
		Release|Any CPU = Release|Any CPU
		Release|Mixed Platforms = Release|Mixed Platforms
		Release|x86 = Release|x86
	EndGlobalSection
	GlobalSection(ProjectConfigurationPlatforms) = postSolution
		{8D27F8B4-BBFF-4216-BFD7-FA8E254C6775}.Debug|Any CPU.ActiveCfg = Debug|x86
		{8D27F8B4-BBFF-4216-BFD7-FA8E254C6775}.Debug|Mixed Platforms.ActiveCfg = Debug|x86
		{8D27F8B4-BBFF-4216-BFD7-FA8E254C6775}.Debug|Mixed Platforms.Build.0 = Debug|x86
		{8D27F8B4-BBFF-4216-BFD7-FA8E254C6775}.Debug|x86.ActiveCfg = Debug|x86
		{8D27F8B4-BBFF-4216-BFD7-FA8E254C6775}.Debug|x86.Build.0 = Debug|x86
		{8D27F8B4-BBFF-4216-BFD7-FA8E254C6775}.Release|Any CPU.ActiveCfg = Release|x86
		{8D27F8B4-BBFF-4216-BFD7-FA8E254C6775}.Release|Mixed Platforms.ActiveCfg = Release|x86
		{8D27F8B4-BBFF-4216-BFD7-FA8E254C6775}.Release|Mixed Platforms.Build.0 = Release|x86
		{8D27F8B4-BBFF-4216-BFD7-FA8E254C6775}.Release|x86.ActiveCfg = Release|x86
		{8D27F8B4-BBFF-4216-BFD7-FA8E254C6775}.Release|x86.Build.0 = Release|x86
		{D8325717-0823-48AE-B1FB-111CD698FC36}.Debug|Any CPU.ActiveCfg = Debug|Any CPU
		{D8325717-0823-48AE-B1FB-111CD698FC36}.Debug|Any CPU.Build.0 = Debug|Any CPU
		{D8325717-0823-48AE-B1FB-111CD698FC36}.Debug|Mixed Platforms.ActiveCfg = Debug|Any CPU
		{D8325717-0823-48AE-B1FB-111CD698FC36}.Debug|Mixed Platforms.Build.0 = Debug|Any CPU
		{D8325717-0823-48AE-B1FB-111CD698FC36}.Debug|x86.ActiveCfg = Debug|Any CPU
		{D8325717-0823-48AE-B1FB-111CD698FC36}.Release|Any CPU.ActiveCfg = Release|Any CPU
		{D8325717-0823-48AE-B1FB-111CD698FC36}.Release|Any CPU.Build.0 = Release|Any CPU
		{D8325717-0823-48AE-B1FB-111CD698FC36}.Release|Mixed Platforms.ActiveCfg = Release|Any CPU
		{D8325717-0823-48AE-B1FB-111CD698FC36}.Release|Mixed Platforms.Build.0 = Release|Any CPU
		{D8325717-0823-48AE-B1FB-111CD698FC36}.Release|x86.ActiveCfg = Release|Any CPU
	EndGlobalSection
	GlobalSection(SolutionProperties) = preSolution
		HideSolutionNode = FALSE
	EndGlobalSection
EndGlobal
